
Microsoft Visual Studio Solution File, Format Version 12.00
# Visual Studio Version 16
VisualStudioVersion = 16.0.34407.143
MinimumVisualStudioVersion = 10.0.40219.1
Project("{FAE04EC0-301F-11D3-BF4B-00C04F79EFBC}") = "BroecklynneMeyer-CPT-206-Library", "BroecklynneMeyer-CPT-206-Library.csproj", "{C8CBB6FF-8DA8-4D7E-BC80-690023E11C08}"
EndProject
Global
	GlobalSection(SolutionConfigurationPlatforms) = preSolution
		Debug|Any CPU = Debug|Any CPU
		Release|Any CPU = Release|Any CPU
	EndGlobalSection
	GlobalSection(ProjectConfigurationPlatforms) = postSolution
		{C8CBB6FF-8DA8-4D7E-BC80-690023E11C08}.Debug|Any CPU.ActiveCfg = Debug|Any CPU
		{C8CBB6FF-8DA8-4D7E-BC80-690023E11C08}.Debug|Any CPU.Build.0 = Debug|Any CPU
		{C8CBB6FF-8DA8-4D7E-BC80-690023E11C08}.Release|Any CPU.ActiveCfg = Release|Any CPU
		{C8CBB6FF-8DA8-4D7E-BC80-690023E11C08}.Release|Any CPU.Build.0 = Release|Any CPU
	EndGlobalSection
	GlobalSection(SolutionProperties) = preSolution
		HideSolutionNode = FALSE
	EndGlobalSection
	GlobalSection(ExtensibilityGlobals) = postSolution
		SolutionGuid = {ADC6A63C-F9F0-44FC-A0DA-9979DBFD3A9E}
	EndGlobalSection
EndGlobal
